
Microsoft Visual Studio Solution File, Format Version 12.00
# Visual Studio Version 17
VisualStudioVersion = 17.0.31903.59
MinimumVisualStudioVersion = 10.0.40219.1
Project("{FAE04EC0-301F-11D3-BF4B-00C04F79EFBC}") = "Zadatak4", "Zadatak4.csproj", "{9267D465-C740-4F17-8525-D40E7D43138D}"
EndProject
Global
	GlobalSection(SolutionConfigurationPlatforms) = preSolution
		Debug|Any CPU = Debug|Any CPU
		Release|Any CPU = Release|Any CPU
	EndGlobalSection
	GlobalSection(ProjectConfigurationPlatforms) = postSolution
		{9267D465-C740-4F17-8525-D40E7D43138D}.Debug|Any CPU.ActiveCfg = Debug|Any CPU
		{9267D465-C740-4F17-8525-D40E7D43138D}.Debug|Any CPU.Build.0 = Debug|Any CPU
		{9267D465-C740-4F17-8525-D40E7D43138D}.Release|Any CPU.ActiveCfg = Release|Any CPU
		{9267D465-C740-4F17-8525-D40E7D43138D}.Release|Any CPU.Build.0 = Release|Any CPU
	EndGlobalSection
	GlobalSection(SolutionProperties) = preSolution
		HideSolutionNode = FALSE
	EndGlobalSection
	GlobalSection(ExtensibilityGlobals) = postSolution
		SolutionGuid = {679AE355-9FB5-4A54-897C-69066C50D274}
	EndGlobalSection
EndGlobal
